{
  "version": 4,
  "terraform_version": "1.3.4",
  "serial": 41,
  "lineage": "8b5c6f85-c9d4-56b1-e053-1f1675b115ed",
  "outputs": {},
  "resources": [
    {
      "mode": "managed",
      "type": "ec_deployment_traffic_filter",
      "name": "gcp_psc",
      "provider": "provider[\"registry.terraform.io/elastic/ec\"]",
      "instances": [
        {
          "schema_version": 0,
          "attributes": {
            "description": null,
            "id": "068bcadea7804045b5a19c8f2e73ead2",
            "include_by_default": false,
            "name": "GCP private service connect",
            "region": "gcp-us-central1",
            "rule": [
              {
                "azure_endpoint_guid": "",
                "azure_endpoint_name": "",
                "description": "",
                "id": "c3cc9fcba84248b5923b04fa8b3080bb",
                "source": "62415122043240450"
              }
            ],
            "timeouts": null,
            "type": "gcp_private_service_connect_endpoint"
          },
          "sensitive_attributes": [],
          "private": "eyJlMmJmYjczMC1lY2FhLTExZTYtOGY4OC0zNDM2M2JjN2M0YzAiOnsiY3JlYXRlIjo2MDAwMDAwMDAwMDAsImRlZmF1bHQiOjYwMDAwMDAwMDAwMCwiZGVsZXRlIjo2MDAwMDAwMDAwMDAsInJlYWQiOjYwMDAwMDAwMDAwMCwidXBkYXRlIjo2MDAwMDAwMDAwMDB9fQ==",
          "dependencies": [
            "google_compute_address.managed_elastic_cloud_ip",
            "google_compute_forwarding_rule.managed_es_psc_test",
            "google_compute_network.managed_elastic_psc_vpc",
            "google_compute_subnetwork.psc_sub_central1",
            "google_service_directory_namespace.es_psc_default"
          ]
        }
      ]
    },
    {
      "mode": "managed",
      "type": "google_compute_address",
      "name": "managed_elastic_cloud_ip",
      "provider": "provider[\"registry.terraform.io/hashicorp/google\"]",
      "instances": [
        {
          "schema_version": 0,
          "attributes": {
            "address": "10.0.0.2",
            "address_type": "INTERNAL",
            "creation_timestamp": "2022-12-19T02:06:11.908-08:00",
            "description": "",
            "id": "projects/artic-clone/regions/us-central1/addresses/managed-elastic-cloud-ip",
            "name": "managed-elastic-cloud-ip",
            "network": "",
            "network_tier": "PREMIUM",
            "prefix_length": 0,
            "project": "artic-clone",
            "purpose": "GCE_ENDPOINT",
            "region": "us-central1",
            "self_link": "https://www.googleapis.com/compute/v1/projects/artic-clone/regions/us-central1/addresses/managed-elastic-cloud-ip",
            "subnetwork": "https://www.googleapis.com/compute/v1/projects/artic-clone/regions/us-central1/subnetworks/psc-sub-central1",
            "timeouts": null,
            "users": [
              "https://www.googleapis.com/compute/v1/projects/artic-clone/regions/us-central1/forwardingRules/managed-es-psc-test"
            ]
          },
          "sensitive_attributes": [],
          "private": "eyJlMmJmYjczMC1lY2FhLTExZTYtOGY4OC0zNDM2M2JjN2M0YzAiOnsiY3JlYXRlIjoxMjAwMDAwMDAwMDAwLCJkZWxldGUiOjEyMDAwMDAwMDAwMDB9fQ==",
          "dependencies": [
            "google_compute_network.managed_elastic_psc_vpc",
            "google_compute_subnetwork.psc_sub_central1"
          ]
        }
      ]
    },
    {
      "mode": "managed",
      "type": "google_compute_forwarding_rule",
      "name": "managed_es_psc_test",
      "provider": "provider[\"registry.terraform.io/hashicorp/google-beta\"]",
      "instances": [
        {
          "schema_version": 0,
          "attributes": {
            "all_ports": false,
            "allow_global_access": false,
            "backend_service": "",
            "creation_timestamp": "2022-12-19T02:17:54.423-08:00",
            "description": "",
            "id": "projects/artic-clone/regions/us-central1/forwardingRules/managed-es-psc-test",
            "ip_address": "projects/artic-clone/regions/us-central1/addresses/managed-elastic-cloud-ip",
            "ip_protocol": "",
            "is_mirroring_collector": false,
            "label_fingerprint": "42WmSpB8rSM=",
            "labels": {},
            "load_balancing_scheme": "",
            "name": "managed-es-psc-test",
            "network": "projects/artic-clone/global/networks/managed-elastic-psc-vpc",
            "network_tier": "PREMIUM",
            "port_range": "",
            "ports": [],
            "project": "artic-clone",
            "psc_connection_id": "62415122043240450",
            "psc_connection_status": "ACCEPTED",
            "region": "us-central1",
            "self_link": "https://www.googleapis.com/compute/beta/projects/artic-clone/regions/us-central1/forwardingRules/managed-es-psc-test",
            "service_directory_registrations": [
              {
                "namespace": "es-psc-default",
                "service": ""
              }
            ],
            "service_label": "",
            "service_name": "",
            "subnetwork": "",
            "target": "https://www.googleapis.com/compute/beta/projects/cloud-production-168820/regions/us-central1/serviceAttachments/proxy-psc-production-us-central1-v1-attachment",
            "timeouts": null
          },
          "sensitive_attributes": [],
          "private": "eyJlMmJmYjczMC1lY2FhLTExZTYtOGY4OC0zNDM2M2JjN2M0YzAiOnsiY3JlYXRlIjoxMjAwMDAwMDAwMDAwLCJkZWxldGUiOjEyMDAwMDAwMDAwMDAsInVwZGF0ZSI6MTIwMDAwMDAwMDAwMH19",
          "dependencies": [
            "google_compute_address.managed_elastic_cloud_ip",
            "google_compute_network.managed_elastic_psc_vpc",
            "google_compute_subnetwork.psc_sub_central1",
            "google_service_directory_namespace.es_psc_default"
          ]
        }
      ]
    },
    {
      "mode": "managed",
      "type": "google_compute_network",
      "name": "managed_elastic_psc_vpc",
      "provider": "provider[\"registry.terraform.io/hashicorp/google\"]",
      "instances": [
        {
          "schema_version": 0,
          "attributes": {
            "auto_create_subnetworks": false,
            "delete_default_routes_on_create": false,
            "description": "",
            "enable_ula_internal_ipv6": false,
            "gateway_ipv4": "",
            "id": "projects/artic-clone/global/networks/managed-elastic-psc-vpc",
            "internal_ipv6_range": "",
            "mtu": 1460,
            "name": "managed-elastic-psc-vpc",
            "project": "artic-clone",
            "routing_mode": "REGIONAL",
            "self_link": "https://www.googleapis.com/compute/v1/projects/artic-clone/global/networks/managed-elastic-psc-vpc",
            "timeouts": null
          },
          "sensitive_attributes": [],
          "private": "eyJlMmJmYjczMC1lY2FhLTExZTYtOGY4OC0zNDM2M2JjN2M0YzAiOnsiY3JlYXRlIjoxMjAwMDAwMDAwMDAwLCJkZWxldGUiOjEyMDAwMDAwMDAwMDAsInVwZGF0ZSI6MTIwMDAwMDAwMDAwMH19"
        }
      ]
    },
    {
      "mode": "managed",
      "type": "google_compute_subnetwork",
      "name": "psc_sub_central1",
      "provider": "provider[\"registry.terraform.io/hashicorp/google\"]",
      "instances": [
        {
          "schema_version": 0,
          "attributes": {
            "creation_timestamp": "2022-12-19T02:05:59.811-08:00",
            "description": "",
            "external_ipv6_prefix": "",
            "fingerprint": null,
            "gateway_address": "10.0.0.1",
            "id": "projects/artic-clone/regions/us-central1/subnetworks/psc-sub-central1",
            "ip_cidr_range": "10.0.0.0/24",
            "ipv6_access_type": "",
            "ipv6_cidr_range": "",
            "log_config": [],
            "name": "psc-sub-central1",
            "network": "https://www.googleapis.com/compute/v1/projects/artic-clone/global/networks/managed-elastic-psc-vpc",
            "private_ip_google_access": true,
            "private_ipv6_google_access": "DISABLE_GOOGLE_ACCESS",
            "project": "artic-clone",
            "purpose": "PRIVATE",
            "region": "us-central1",
            "role": "",
            "secondary_ip_range": [],
            "self_link": "https://www.googleapis.com/compute/v1/projects/artic-clone/regions/us-central1/subnetworks/psc-sub-central1",
            "stack_type": "IPV4_ONLY",
            "timeouts": null
          },
          "sensitive_attributes": [],
          "private": "eyJlMmJmYjczMC1lY2FhLTExZTYtOGY4OC0zNDM2M2JjN2M0YzAiOnsiY3JlYXRlIjoxMjAwMDAwMDAwMDAwLCJkZWxldGUiOjEyMDAwMDAwMDAwMDAsInVwZGF0ZSI6MTIwMDAwMDAwMDAwMH19",
          "dependencies": [
            "google_compute_network.managed_elastic_psc_vpc"
          ]
        }
      ]
    },
    {
      "mode": "managed",
      "type": "google_service_directory_namespace",
      "name": "es_psc_default",
      "provider": "provider[\"registry.terraform.io/hashicorp/google-beta\"]",
      "instances": [
        {
          "schema_version": 0,
          "attributes": {
            "id": "projects/artic-clone/locations/us-central1/namespaces/es-psc-default",
            "labels": {},
            "location": "us-central1",
            "name": "projects/artic-clone/locations/us-central1/namespaces/es-psc-default",
            "namespace_id": "es-psc-default",
            "project": "artic-clone",
            "timeouts": null
          },
          "sensitive_attributes": [],
          "private": "eyJlMmJmYjczMC1lY2FhLTExZTYtOGY4OC0zNDM2M2JjN2M0YzAiOnsiY3JlYXRlIjoxMjAwMDAwMDAwMDAwLCJkZWxldGUiOjEyMDAwMDAwMDAwMDAsInVwZGF0ZSI6MTIwMDAwMDAwMDAwMH19"
        }
      ]
    }
  ],
  "check_results": null
}
